<Solution>
  <Project Path="BIRTHDAY-CANDLES/BIRTHDAY-CANDLES.csproj" />
  <Project Path="DIAGONAL-DIFFERENCE/DIAGONAL-DIFFERENCE.csproj" />
  <Project Path="EXTRACT-ALPHABETS/EXTRACT-ALPHABETS.csproj" />
  <Project Path="REMOVE-DUPLICATES-FROM-NUMBER/REMOVE-DUPLICATES-FROM-NUMBER.csproj" />
  <Project Path="SEAT_BOOKING_SYSTEM/SEAT_BOOKING_SYSTEM.csproj" />
  <Project Path="TRENDY-NUMBERS/TRENDY-NUMBERS.csproj" />
</Solution>
